
Microsoft Visual Studio Solution File, Format Version 12.00
# Visual Studio Version 17
VisualStudioVersion = 17.5.33516.290
MinimumVisualStudioVersion = 10.0.40219.1
Project("{FAE04EC0-301F-11D3-BF4B-00C04F79EFBC}") = "Apps.QuickBooksOnline", "Apps.QuickBooksOnline\Apps.QuickBooksOnline.csproj", "{0E2E6720-E7FB-4A59-9552-8FC0A2B1B772}"
EndProject
Global
	GlobalSection(SolutionConfigurationPlatforms) = preSolution
		Debug|Any CPU = Debug|Any CPU
		Release|Any CPU = Release|Any CPU
	EndGlobalSection
	GlobalSection(ProjectConfigurationPlatforms) = postSolution
		{0E2E6720-E7FB-4A59-9552-8FC0A2B1B772}.Debug|Any CPU.ActiveCfg = Debug|Any CPU
		{0E2E6720-E7FB-4A59-9552-8FC0A2B1B772}.Debug|Any CPU.Build.0 = Debug|Any CPU
		{0E2E6720-E7FB-4A59-9552-8FC0A2B1B772}.Release|Any CPU.ActiveCfg = Release|Any CPU
		{0E2E6720-E7FB-4A59-9552-8FC0A2B1B772}.Release|Any CPU.Build.0 = Release|Any CPU
	EndGlobalSection
	GlobalSection(SolutionProperties) = preSolution
		HideSolutionNode = FALSE
	EndGlobalSection
	GlobalSection(ExtensibilityGlobals) = postSolution
		SolutionGuid = {03ECD0D6-ED38-4A3E-87ED-FC74080CCC00}
	EndGlobalSection
EndGlobal
